
Microsoft Visual Studio Solution File, Format Version 12.00
# Visual Studio 15
VisualStudioVersion = 15.0.28307.645
MinimumVisualStudioVersion = 10.0.40219.1
Project("{FAE04EC0-301F-11D3-BF4B-00C04F79EFBC}") = "MVCDemo", "MVCDemo\MVCDemo.csproj", "{32EC5E04-94D0-4D81-B0C2-4433C5C5D166}"
EndProject
Global
	GlobalSection(SolutionConfigurationPlatforms) = preSolution
		Debug|Any CPU = Debug|Any CPU
		Release|Any CPU = Release|Any CPU
	EndGlobalSection
	GlobalSection(ProjectConfigurationPlatforms) = postSolution
		{32EC5E04-94D0-4D81-B0C2-4433C5C5D166}.Debug|Any CPU.ActiveCfg = Debug|Any CPU
		{32EC5E04-94D0-4D81-B0C2-4433C5C5D166}.Debug|Any CPU.Build.0 = Debug|Any CPU
		{32EC5E04-94D0-4D81-B0C2-4433C5C5D166}.Release|Any CPU.ActiveCfg = Release|Any CPU
		{32EC5E04-94D0-4D81-B0C2-4433C5C5D166}.Release|Any CPU.Build.0 = Release|Any CPU
	EndGlobalSection
	GlobalSection(SolutionProperties) = preSolution
		HideSolutionNode = FALSE
	EndGlobalSection
	GlobalSection(ExtensibilityGlobals) = postSolution
		SolutionGuid = {76BC74EC-2BAF-41B8-A002-BD69531C70B7}
	EndGlobalSection
EndGlobal
